
Microsoft Visual Studio Solution File, Format Version 12.00
# Visual Studio 2013
VisualStudioVersion = 12.0.30723.0
MinimumVisualStudioVersion = 10.0.40219.1
Project("{FAE04EC0-301F-11D3-BF4B-00C04F79EFBC}") = "DBASecurity", "DBASecurity\DBASecurity.csproj", "{48EB1D35-542D-4055-86A3-DFC79121C81A}"
EndProject
Project("{FAE04EC0-301F-11D3-BF4B-00C04F79EFBC}") = "DBASecurity.Data", "DBASecurity.Data\DBASecurity.Data.csproj", "{118627C5-0360-4C93-A84B-B9C0FA112534}"
EndProject
Global
	GlobalSection(SolutionConfigurationPlatforms) = preSolution
		Debug|Any CPU = Debug|Any CPU
		Release|Any CPU = Release|Any CPU
	EndGlobalSection
	GlobalSection(ProjectConfigurationPlatforms) = postSolution
		{48EB1D35-542D-4055-86A3-DFC79121C81A}.Debug|Any CPU.ActiveCfg = Debug|Any CPU
		{48EB1D35-542D-4055-86A3-DFC79121C81A}.Debug|Any CPU.Build.0 = Debug|Any CPU
		{48EB1D35-542D-4055-86A3-DFC79121C81A}.Release|Any CPU.ActiveCfg = Release|Any CPU
		{48EB1D35-542D-4055-86A3-DFC79121C81A}.Release|Any CPU.Build.0 = Release|Any CPU
		{118627C5-0360-4C93-A84B-B9C0FA112534}.Debug|Any CPU.ActiveCfg = Debug|Any CPU
		{118627C5-0360-4C93-A84B-B9C0FA112534}.Debug|Any CPU.Build.0 = Debug|Any CPU
		{118627C5-0360-4C93-A84B-B9C0FA112534}.Release|Any CPU.ActiveCfg = Release|Any CPU
		{118627C5-0360-4C93-A84B-B9C0FA112534}.Release|Any CPU.Build.0 = Release|Any CPU
	EndGlobalSection
	GlobalSection(SolutionProperties) = preSolution
		HideSolutionNode = FALSE
	EndGlobalSection
EndGlobal
